
Microsoft Visual Studio Solution File, Format Version 12.00
# Visual Studio Version 17
VisualStudioVersion = 17.9.34622.214
MinimumVisualStudioVersion = 10.0.40219.1
Project("{FAE04EC0-301F-11D3-BF4B-00C04F79EFBC}") = "Mod3Enumdemo", "Mod3Enumdemo.csproj", "{8634AE97-ABAE-4D0F-82F6-2C3473EB890C}"
EndProject
Global
	GlobalSection(SolutionConfigurationPlatforms) = preSolution
		Debug|Any CPU = Debug|Any CPU
		Release|Any CPU = Release|Any CPU
	EndGlobalSection
	GlobalSection(ProjectConfigurationPlatforms) = postSolution
		{8634AE97-ABAE-4D0F-82F6-2C3473EB890C}.Debug|Any CPU.ActiveCfg = Debug|Any CPU
		{8634AE97-ABAE-4D0F-82F6-2C3473EB890C}.Debug|Any CPU.Build.0 = Debug|Any CPU
		{8634AE97-ABAE-4D0F-82F6-2C3473EB890C}.Release|Any CPU.ActiveCfg = Release|Any CPU
		{8634AE97-ABAE-4D0F-82F6-2C3473EB890C}.Release|Any CPU.Build.0 = Release|Any CPU
	EndGlobalSection
	GlobalSection(SolutionProperties) = preSolution
		HideSolutionNode = FALSE
	EndGlobalSection
	GlobalSection(ExtensibilityGlobals) = postSolution
		SolutionGuid = {04FBD42A-51F3-46B7-9837-BD78792E3676}
	EndGlobalSection
EndGlobal
