
Microsoft Visual Studio Solution File, Format Version 12.00
# Visual Studio Version 17
VisualStudioVersion = 17.9.34622.214
MinimumVisualStudioVersion = 10.0.40219.1
Project("{FAE04EC0-301F-11D3-BF4B-00C04F79EFBC}") = "Mod3Delegatesdemo1", "Mod3Delegatesdemo1.csproj", "{48923972-3A3C-4595-8205-DC84D8044892}"
EndProject
Global
	GlobalSection(SolutionConfigurationPlatforms) = preSolution
		Debug|Any CPU = Debug|Any CPU
		Release|Any CPU = Release|Any CPU
	EndGlobalSection
	GlobalSection(ProjectConfigurationPlatforms) = postSolution
		{48923972-3A3C-4595-8205-DC84D8044892}.Debug|Any CPU.ActiveCfg = Debug|Any CPU
		{48923972-3A3C-4595-8205-DC84D8044892}.Debug|Any CPU.Build.0 = Debug|Any CPU
		{48923972-3A3C-4595-8205-DC84D8044892}.Release|Any CPU.ActiveCfg = Release|Any CPU
		{48923972-3A3C-4595-8205-DC84D8044892}.Release|Any CPU.Build.0 = Release|Any CPU
	EndGlobalSection
	GlobalSection(SolutionProperties) = preSolution
		HideSolutionNode = FALSE
	EndGlobalSection
	GlobalSection(ExtensibilityGlobals) = postSolution
		SolutionGuid = {E9D198F5-8C88-4032-BA8F-BF07A6B4CF39}
	EndGlobalSection
EndGlobal
