
Microsoft Visual Studio Solution File, Format Version 12.00
# Visual Studio Version 17
VisualStudioVersion = 17.9.34622.214
MinimumVisualStudioVersion = 10.0.40219.1
Project("{FAE04EC0-301F-11D3-BF4B-00C04F79EFBC}") = "Mod4GenericsDemo1", "Mod4GenericsDemo1.csproj", "{35F77D16-A465-4C63-933F-83A84D847CC0}"
EndProject
Global
	GlobalSection(SolutionConfigurationPlatforms) = preSolution
		Debug|Any CPU = Debug|Any CPU
		Release|Any CPU = Release|Any CPU
	EndGlobalSection
	GlobalSection(ProjectConfigurationPlatforms) = postSolution
		{35F77D16-A465-4C63-933F-83A84D847CC0}.Debug|Any CPU.ActiveCfg = Debug|Any CPU
		{35F77D16-A465-4C63-933F-83A84D847CC0}.Debug|Any CPU.Build.0 = Debug|Any CPU
		{35F77D16-A465-4C63-933F-83A84D847CC0}.Release|Any CPU.ActiveCfg = Release|Any CPU
		{35F77D16-A465-4C63-933F-83A84D847CC0}.Release|Any CPU.Build.0 = Release|Any CPU
	EndGlobalSection
	GlobalSection(SolutionProperties) = preSolution
		HideSolutionNode = FALSE
	EndGlobalSection
	GlobalSection(ExtensibilityGlobals) = postSolution
		SolutionGuid = {7E8125CA-24CE-4CBF-BB37-59DE94BAA07F}
	EndGlobalSection
EndGlobal
