
Microsoft Visual Studio Solution File, Format Version 12.00
# Visual Studio Version 17
VisualStudioVersion = 17.9.34622.214
MinimumVisualStudioVersion = 10.0.40219.1
Project("{FAE04EC0-301F-11D3-BF4B-00C04F79EFBC}") = "Mod4Genericsdemo2", "Mod4Genericsdemo2.csproj", "{C2DA1F15-58ED-4195-B4A3-2A07302FF2F9}"
EndProject
Global
	GlobalSection(SolutionConfigurationPlatforms) = preSolution
		Debug|Any CPU = Debug|Any CPU
		Release|Any CPU = Release|Any CPU
	EndGlobalSection
	GlobalSection(ProjectConfigurationPlatforms) = postSolution
		{C2DA1F15-58ED-4195-B4A3-2A07302FF2F9}.Debug|Any CPU.ActiveCfg = Debug|Any CPU
		{C2DA1F15-58ED-4195-B4A3-2A07302FF2F9}.Debug|Any CPU.Build.0 = Debug|Any CPU
		{C2DA1F15-58ED-4195-B4A3-2A07302FF2F9}.Release|Any CPU.ActiveCfg = Release|Any CPU
		{C2DA1F15-58ED-4195-B4A3-2A07302FF2F9}.Release|Any CPU.Build.0 = Release|Any CPU
	EndGlobalSection
	GlobalSection(SolutionProperties) = preSolution
		HideSolutionNode = FALSE
	EndGlobalSection
	GlobalSection(ExtensibilityGlobals) = postSolution
		SolutionGuid = {CCBF2D4A-92FE-4A1E-B769-F6B62548CD0C}
	EndGlobalSection
EndGlobal
