
Microsoft Visual Studio Solution File, Format Version 12.00
# Visual Studio Version 17
VisualStudioVersion = 17.9.34622.214
MinimumVisualStudioVersion = 10.0.40219.1
Project("{FAE04EC0-301F-11D3-BF4B-00C04F79EFBC}") = "Mod4Interfacesdemo1", "Mod4Interfacesdemo1.csproj", "{AF38CD76-7F19-4FA6-A729-4B04D6EC7F7E}"
EndProject
Global
	GlobalSection(SolutionConfigurationPlatforms) = preSolution
		Debug|Any CPU = Debug|Any CPU
		Release|Any CPU = Release|Any CPU
	EndGlobalSection
	GlobalSection(ProjectConfigurationPlatforms) = postSolution
		{AF38CD76-7F19-4FA6-A729-4B04D6EC7F7E}.Debug|Any CPU.ActiveCfg = Debug|Any CPU
		{AF38CD76-7F19-4FA6-A729-4B04D6EC7F7E}.Debug|Any CPU.Build.0 = Debug|Any CPU
		{AF38CD76-7F19-4FA6-A729-4B04D6EC7F7E}.Release|Any CPU.ActiveCfg = Release|Any CPU
		{AF38CD76-7F19-4FA6-A729-4B04D6EC7F7E}.Release|Any CPU.Build.0 = Release|Any CPU
	EndGlobalSection
	GlobalSection(SolutionProperties) = preSolution
		HideSolutionNode = FALSE
	EndGlobalSection
	GlobalSection(ExtensibilityGlobals) = postSolution
		SolutionGuid = {E4318339-E939-42A5-BF4F-7609FC354FE4}
	EndGlobalSection
EndGlobal
