
Microsoft Visual Studio Solution File, Format Version 12.00
# Visual Studio Version 17
VisualStudioVersion = 17.9.34622.214
MinimumVisualStudioVersion = 10.0.40219.1
Project("{FAE04EC0-301F-11D3-BF4B-00C04F79EFBC}") = "LINQDemo2", "LINQDemo2.csproj", "{C5CF2FE3-7A82-443D-B252-3EE89807E277}"
EndProject
Global
	GlobalSection(SolutionConfigurationPlatforms) = preSolution
		Debug|Any CPU = Debug|Any CPU
		Release|Any CPU = Release|Any CPU
	EndGlobalSection
	GlobalSection(ProjectConfigurationPlatforms) = postSolution
		{C5CF2FE3-7A82-443D-B252-3EE89807E277}.Debug|Any CPU.ActiveCfg = Debug|Any CPU
		{C5CF2FE3-7A82-443D-B252-3EE89807E277}.Debug|Any CPU.Build.0 = Debug|Any CPU
		{C5CF2FE3-7A82-443D-B252-3EE89807E277}.Release|Any CPU.ActiveCfg = Release|Any CPU
		{C5CF2FE3-7A82-443D-B252-3EE89807E277}.Release|Any CPU.Build.0 = Release|Any CPU
	EndGlobalSection
	GlobalSection(SolutionProperties) = preSolution
		HideSolutionNode = FALSE
	EndGlobalSection
	GlobalSection(ExtensibilityGlobals) = postSolution
		SolutionGuid = {D3CAD64E-7B75-4C4F-A61C-48059E84DB89}
	EndGlobalSection
EndGlobal
